
Microsoft Visual Studio Solution File, Format Version 12.00
# Visual Studio Version 17
VisualStudioVersion = 17.9.34728.123
MinimumVisualStudioVersion = 10.0.40219.1
Project("{FAE04EC0-301F-11D3-BF4B-00C04F79EFBC}") = "coreWebApplication", "coreWebApplication\coreWebApplication.csproj", "{A0D8CA0B-8880-460D-BC4A-64197176DEBA}"
EndProject
Global
	GlobalSection(SolutionConfigurationPlatforms) = preSolution
		Debug|Any CPU = Debug|Any CPU
		Release|Any CPU = Release|Any CPU
	EndGlobalSection
	GlobalSection(ProjectConfigurationPlatforms) = postSolution
		{A0D8CA0B-8880-460D-BC4A-64197176DEBA}.Debug|Any CPU.ActiveCfg = Debug|Any CPU
		{A0D8CA0B-8880-460D-BC4A-64197176DEBA}.Debug|Any CPU.Build.0 = Debug|Any CPU
		{A0D8CA0B-8880-460D-BC4A-64197176DEBA}.Release|Any CPU.ActiveCfg = Release|Any CPU
		{A0D8CA0B-8880-460D-BC4A-64197176DEBA}.Release|Any CPU.Build.0 = Release|Any CPU
	EndGlobalSection
	GlobalSection(SolutionProperties) = preSolution
		HideSolutionNode = FALSE
	EndGlobalSection
	GlobalSection(ExtensibilityGlobals) = postSolution
		SolutionGuid = {504C8236-89B3-4792-BFC0-735447CB0D7A}
	EndGlobalSection
EndGlobal
