
Microsoft Visual Studio Solution File, Format Version 12.00
# Visual Studio Version 17
VisualStudioVersion = 17.9.34728.123
MinimumVisualStudioVersion = 10.0.40219.1
Project("{9A19103F-16F7-4668-BE54-9A1E7A4F7556}") = "coreWebApplication", "coreWebApplication\coreWebApplication.csproj", "{A0D8CA0B-8880-460D-BC4A-64197176DEBA}"
EndProject
Project("{2150E333-8FDC-42A3-9474-1A3956D46DE8}") = "Documents", "Documents", "{2075FEA6-F2F4-4FDA-BE08-8B338066BEA7}"
	ProjectSection(SolutionItems) = preProject
		README.md = README.md
	EndProjectSection
EndProject
Project("{FAE04EC0-301F-11D3-BF4B-00C04F79EFBC}") = "Module2.CoreWebMVCApplication", "Module2.CoreWebMVCApplication\Module2.CoreWebMVCApplication.csproj", "{1BDEA7F3-915A-482F-AC24-BAF5F2873810}"
EndProject
Project("{FAE04EC0-301F-11D3-BF4B-00C04F79EFBC}") = "Module2.EntityFrameworkCodeFirstApproach", "Module2.EntityFrameworkCodeFirstApproach\Module2.EntityFrameworkCodeFirstApproach.csproj", "{38F26B24-AA69-4C94-B8E1-A1E54D475D33}"
EndProject
Global
	GlobalSection(SolutionConfigurationPlatforms) = preSolution
		Debug|Any CPU = Debug|Any CPU
		Release|Any CPU = Release|Any CPU
	EndGlobalSection
	GlobalSection(ProjectConfigurationPlatforms) = postSolution
		{A0D8CA0B-8880-460D-BC4A-64197176DEBA}.Debug|Any CPU.ActiveCfg = Debug|Any CPU
		{A0D8CA0B-8880-460D-BC4A-64197176DEBA}.Debug|Any CPU.Build.0 = Debug|Any CPU
		{A0D8CA0B-8880-460D-BC4A-64197176DEBA}.Release|Any CPU.ActiveCfg = Release|Any CPU
		{A0D8CA0B-8880-460D-BC4A-64197176DEBA}.Release|Any CPU.Build.0 = Release|Any CPU
		{1BDEA7F3-915A-482F-AC24-BAF5F2873810}.Debug|Any CPU.ActiveCfg = Debug|Any CPU
		{1BDEA7F3-915A-482F-AC24-BAF5F2873810}.Debug|Any CPU.Build.0 = Debug|Any CPU
		{1BDEA7F3-915A-482F-AC24-BAF5F2873810}.Release|Any CPU.ActiveCfg = Release|Any CPU
		{1BDEA7F3-915A-482F-AC24-BAF5F2873810}.Release|Any CPU.Build.0 = Release|Any CPU
		{38F26B24-AA69-4C94-B8E1-A1E54D475D33}.Debug|Any CPU.ActiveCfg = Debug|Any CPU
		{38F26B24-AA69-4C94-B8E1-A1E54D475D33}.Debug|Any CPU.Build.0 = Debug|Any CPU
		{38F26B24-AA69-4C94-B8E1-A1E54D475D33}.Release|Any CPU.ActiveCfg = Release|Any CPU
		{38F26B24-AA69-4C94-B8E1-A1E54D475D33}.Release|Any CPU.Build.0 = Release|Any CPU
	EndGlobalSection
	GlobalSection(SolutionProperties) = preSolution
		HideSolutionNode = FALSE
	EndGlobalSection
	GlobalSection(ExtensibilityGlobals) = postSolution
		SolutionGuid = {504C8236-89B3-4792-BFC0-735447CB0D7A}
	EndGlobalSection
EndGlobal
